
Microsoft Visual Studio Solution File, Format Version 12.00
# Visual Studio 15
VisualStudioVersion = 15.0.27703.2035
MinimumVisualStudioVersion = 10.0.40219.1
Project("{FAE04EC0-301F-11D3-BF4B-00C04F79EFBC}") = "XnbConverter", "XnbConverter\XnbConverter.csproj", "{6886A2C9-8F5A-4E62-97B1-1A4696FA8B50}"
EndProject
Global
	GlobalSection(SolutionConfigurationPlatforms) = preSolution
		Debug|Any CPU = Debug|Any CPU
		Release|Any CPU = Release|Any CPU
	EndGlobalSection
	GlobalSection(ProjectConfigurationPlatforms) = postSolution
		{6886A2C9-8F5A-4E62-97B1-1A4696FA8B50}.Debug|Any CPU.ActiveCfg = Debug|Any CPU
		{6886A2C9-8F5A-4E62-97B1-1A4696FA8B50}.Debug|Any CPU.Build.0 = Debug|Any CPU
		{6886A2C9-8F5A-4E62-97B1-1A4696FA8B50}.Release|Any CPU.ActiveCfg = Release|Any CPU
		{6886A2C9-8F5A-4E62-97B1-1A4696FA8B50}.Release|Any CPU.Build.0 = Release|Any CPU
	EndGlobalSection
	GlobalSection(SolutionProperties) = preSolution
		HideSolutionNode = FALSE
	EndGlobalSection
	GlobalSection(ExtensibilityGlobals) = postSolution
		SolutionGuid = {BB350635-EAC6-4ABA-96F4-B6B5A3A4D7E8}
	EndGlobalSection
EndGlobal
